
Microsoft Visual Studio Solution File, Format Version 12.00
# Visual Studio Version 16
VisualStudioVersion = 16.0.29509.3
MinimumVisualStudioVersion = 10.0.40219.1
Project("{FAE04EC0-301F-11D3-BF4B-00C04F79EFBC}") = "FacturaAfipPdf", "FacturaAfipPdf\FacturaAfipPdf.csproj", "{68B26822-3082-45F2-B8C6-EF2462DE7601}"
EndProject
Project("{FAE04EC0-301F-11D3-BF4B-00C04F79EFBC}") = "Test", "Test\Test.csproj", "{BE436442-6757-4946-A57D-26F8B9D9D92B}"
EndProject
Global
	GlobalSection(SolutionConfigurationPlatforms) = preSolution
		Debug|Any CPU = Debug|Any CPU
		Release|Any CPU = Release|Any CPU
	EndGlobalSection
	GlobalSection(ProjectConfigurationPlatforms) = postSolution
		{68B26822-3082-45F2-B8C6-EF2462DE7601}.Debug|Any CPU.ActiveCfg = Debug|Any CPU
		{68B26822-3082-45F2-B8C6-EF2462DE7601}.Debug|Any CPU.Build.0 = Debug|Any CPU
		{68B26822-3082-45F2-B8C6-EF2462DE7601}.Release|Any CPU.ActiveCfg = Release|Any CPU
		{68B26822-3082-45F2-B8C6-EF2462DE7601}.Release|Any CPU.Build.0 = Release|Any CPU
		{BE436442-6757-4946-A57D-26F8B9D9D92B}.Debug|Any CPU.ActiveCfg = Debug|Any CPU
		{BE436442-6757-4946-A57D-26F8B9D9D92B}.Debug|Any CPU.Build.0 = Debug|Any CPU
		{BE436442-6757-4946-A57D-26F8B9D9D92B}.Release|Any CPU.ActiveCfg = Release|Any CPU
		{BE436442-6757-4946-A57D-26F8B9D9D92B}.Release|Any CPU.Build.0 = Release|Any CPU
	EndGlobalSection
	GlobalSection(SolutionProperties) = preSolution
		HideSolutionNode = FALSE
	EndGlobalSection
	GlobalSection(ExtensibilityGlobals) = postSolution
		SolutionGuid = {96D624D7-405C-44B8-B2D9-534D49FE6441}
	EndGlobalSection
EndGlobal
